
Microsoft Visual Studio Solution File, Format Version 12.00
# Visual Studio Version 17
VisualStudioVersion = 17.11.35312.102
MinimumVisualStudioVersion = 10.0.40219.1
Project("{FAE04EC0-301F-11D3-BF4B-00C04F79EFBC}") = "Catalogo.Domain", "Catalogo.Domain\Catalogo.Domain.csproj", "{0357A1F8-3E43-4F20-B9AC-8F5B2E82254A}"
EndProject
Project("{FAE04EC0-301F-11D3-BF4B-00C04F79EFBC}") = "Catalogo.Application", "Catalogo.Application\Catalogo.Application.csproj", "{FFAC5158-66D6-4B3F-844E-22F5E445F380}"
EndProject
Project("{FAE04EC0-301F-11D3-BF4B-00C04F79EFBC}") = "Catalogo.Infraestructure", "Catalogo.Infraestructure\Catalogo.Infraestructure.csproj", "{A3494A0D-5797-4C40-977C-741DB53B5DDC}"
EndProject
Project("{FAE04EC0-301F-11D3-BF4B-00C04F79EFBC}") = "Catalogo.CrossCutting", "Catalogo.CrossCutting\Catalogo.CrossCutting.csproj", "{EFABCE0A-B511-4D0C-ACA0-3744C95A637C}"
EndProject
Project("{FAE04EC0-301F-11D3-BF4B-00C04F79EFBC}") = "Catalogo.API", "Catalogo.API\Catalogo.API.csproj", "{0F773A89-69E4-4348-877B-F9023DEA9AE6}"
EndProject
Global
	GlobalSection(SolutionConfigurationPlatforms) = preSolution
		Debug|Any CPU = Debug|Any CPU
		Release|Any CPU = Release|Any CPU
	EndGlobalSection
	GlobalSection(ProjectConfigurationPlatforms) = postSolution
		{0357A1F8-3E43-4F20-B9AC-8F5B2E82254A}.Debug|Any CPU.ActiveCfg = Debug|Any CPU
		{0357A1F8-3E43-4F20-B9AC-8F5B2E82254A}.Debug|Any CPU.Build.0 = Debug|Any CPU
		{0357A1F8-3E43-4F20-B9AC-8F5B2E82254A}.Release|Any CPU.ActiveCfg = Release|Any CPU
		{0357A1F8-3E43-4F20-B9AC-8F5B2E82254A}.Release|Any CPU.Build.0 = Release|Any CPU
		{FFAC5158-66D6-4B3F-844E-22F5E445F380}.Debug|Any CPU.ActiveCfg = Debug|Any CPU
		{FFAC5158-66D6-4B3F-844E-22F5E445F380}.Debug|Any CPU.Build.0 = Debug|Any CPU
		{FFAC5158-66D6-4B3F-844E-22F5E445F380}.Release|Any CPU.ActiveCfg = Release|Any CPU
		{FFAC5158-66D6-4B3F-844E-22F5E445F380}.Release|Any CPU.Build.0 = Release|Any CPU
		{A3494A0D-5797-4C40-977C-741DB53B5DDC}.Debug|Any CPU.ActiveCfg = Debug|Any CPU
		{A3494A0D-5797-4C40-977C-741DB53B5DDC}.Debug|Any CPU.Build.0 = Debug|Any CPU
		{A3494A0D-5797-4C40-977C-741DB53B5DDC}.Release|Any CPU.ActiveCfg = Release|Any CPU
		{A3494A0D-5797-4C40-977C-741DB53B5DDC}.Release|Any CPU.Build.0 = Release|Any CPU
		{EFABCE0A-B511-4D0C-ACA0-3744C95A637C}.Debug|Any CPU.ActiveCfg = Debug|Any CPU
		{EFABCE0A-B511-4D0C-ACA0-3744C95A637C}.Debug|Any CPU.Build.0 = Debug|Any CPU
		{EFABCE0A-B511-4D0C-ACA0-3744C95A637C}.Release|Any CPU.ActiveCfg = Release|Any CPU
		{EFABCE0A-B511-4D0C-ACA0-3744C95A637C}.Release|Any CPU.Build.0 = Release|Any CPU
		{0F773A89-69E4-4348-877B-F9023DEA9AE6}.Debug|Any CPU.ActiveCfg = Debug|Any CPU
		{0F773A89-69E4-4348-877B-F9023DEA9AE6}.Debug|Any CPU.Build.0 = Debug|Any CPU
		{0F773A89-69E4-4348-877B-F9023DEA9AE6}.Release|Any CPU.ActiveCfg = Release|Any CPU
		{0F773A89-69E4-4348-877B-F9023DEA9AE6}.Release|Any CPU.Build.0 = Release|Any CPU
	EndGlobalSection
	GlobalSection(SolutionProperties) = preSolution
		HideSolutionNode = FALSE
	EndGlobalSection
	GlobalSection(ExtensibilityGlobals) = postSolution
		SolutionGuid = {CF36E4E4-0CA8-41CE-A961-002C288DF488}
	EndGlobalSection
EndGlobal
