
Microsoft Visual Studio Solution File, Format Version 12.00
# Visual Studio Version 17
VisualStudioVersion = 17.6.33723.286
MinimumVisualStudioVersion = 10.0.40219.1
Project("{FAE04EC0-301F-11D3-BF4B-00C04F79EFBC}") = "Ciclos", "Ciclos\Ciclos.csproj", "{6DADC008-E300-4CC6-B618-059DF71E7F30}"
EndProject
Global
	GlobalSection(SolutionConfigurationPlatforms) = preSolution
		Debug|Any CPU = Debug|Any CPU
		Release|Any CPU = Release|Any CPU
	EndGlobalSection
	GlobalSection(ProjectConfigurationPlatforms) = postSolution
		{6DADC008-E300-4CC6-B618-059DF71E7F30}.Debug|Any CPU.ActiveCfg = Debug|Any CPU
		{6DADC008-E300-4CC6-B618-059DF71E7F30}.Debug|Any CPU.Build.0 = Debug|Any CPU
		{6DADC008-E300-4CC6-B618-059DF71E7F30}.Release|Any CPU.ActiveCfg = Release|Any CPU
		{6DADC008-E300-4CC6-B618-059DF71E7F30}.Release|Any CPU.Build.0 = Release|Any CPU
	EndGlobalSection
	GlobalSection(SolutionProperties) = preSolution
		HideSolutionNode = FALSE
	EndGlobalSection
	GlobalSection(ExtensibilityGlobals) = postSolution
		SolutionGuid = {DF2DEA29-7640-4735-91D5-AEC3FA0E4101}
	EndGlobalSection
EndGlobal
