
Microsoft Visual Studio Solution File, Format Version 12.00
# Visual Studio Version 17
VisualStudioVersion = 17.6.33723.286
MinimumVisualStudioVersion = 10.0.40219.1
Project("{FAE04EC0-301F-11D3-BF4B-00C04F79EFBC}") = "Colecao", "Colecao\Colecao.csproj", "{D6B27004-8A6E-41BF-817F-6CB66EAD2CC1}"
EndProject
Global
	GlobalSection(SolutionConfigurationPlatforms) = preSolution
		Debug|Any CPU = Debug|Any CPU
		Release|Any CPU = Release|Any CPU
	EndGlobalSection
	GlobalSection(ProjectConfigurationPlatforms) = postSolution
		{D6B27004-8A6E-41BF-817F-6CB66EAD2CC1}.Debug|Any CPU.ActiveCfg = Debug|Any CPU
		{D6B27004-8A6E-41BF-817F-6CB66EAD2CC1}.Debug|Any CPU.Build.0 = Debug|Any CPU
		{D6B27004-8A6E-41BF-817F-6CB66EAD2CC1}.Release|Any CPU.ActiveCfg = Release|Any CPU
		{D6B27004-8A6E-41BF-817F-6CB66EAD2CC1}.Release|Any CPU.Build.0 = Release|Any CPU
	EndGlobalSection
	GlobalSection(SolutionProperties) = preSolution
		HideSolutionNode = FALSE
	EndGlobalSection
	GlobalSection(ExtensibilityGlobals) = postSolution
		SolutionGuid = {B056D9A6-00EF-4129-9E53-BF5CD952709C}
	EndGlobalSection
EndGlobal
