
Microsoft Visual Studio Solution File, Format Version 12.00
# Visual Studio Version 17
VisualStudioVersion = 17.7.34221.43
MinimumVisualStudioVersion = 10.0.40219.1
Project("{FAE04EC0-301F-11D3-BF4B-00C04F79EFBC}") = "GDIPlus", "GDIPlus\GDIPlus.csproj", "{00EED4C6-ECC3-4181-9C80-35D267A6BAF5}"
EndProject
Global
	GlobalSection(SolutionConfigurationPlatforms) = preSolution
		Debug|Any CPU = Debug|Any CPU
		Release|Any CPU = Release|Any CPU
	EndGlobalSection
	GlobalSection(ProjectConfigurationPlatforms) = postSolution
		{00EED4C6-ECC3-4181-9C80-35D267A6BAF5}.Debug|Any CPU.ActiveCfg = Debug|Any CPU
		{00EED4C6-ECC3-4181-9C80-35D267A6BAF5}.Debug|Any CPU.Build.0 = Debug|Any CPU
		{00EED4C6-ECC3-4181-9C80-35D267A6BAF5}.Release|Any CPU.ActiveCfg = Release|Any CPU
		{00EED4C6-ECC3-4181-9C80-35D267A6BAF5}.Release|Any CPU.Build.0 = Release|Any CPU
	EndGlobalSection
	GlobalSection(SolutionProperties) = preSolution
		HideSolutionNode = FALSE
	EndGlobalSection
	GlobalSection(ExtensibilityGlobals) = postSolution
		SolutionGuid = {9419C606-9DA1-4DB6-9349-FFBC8BA667B8}
	EndGlobalSection
EndGlobal
