
Microsoft Visual Studio Solution File, Format Version 12.00
# Visual Studio Version 17
VisualStudioVersion = 17.6.33723.286
MinimumVisualStudioVersion = 10.0.40219.1
Project("{FAE04EC0-301F-11D3-BF4B-00C04F79EFBC}") = "MetodoMain", "MetodoMain\MetodoMain.csproj", "{AD931D10-D0B8-497D-B481-2EBBE09EB9B9}"
EndProject
Global
	GlobalSection(SolutionConfigurationPlatforms) = preSolution
		Debug|Any CPU = Debug|Any CPU
		Release|Any CPU = Release|Any CPU
	EndGlobalSection
	GlobalSection(ProjectConfigurationPlatforms) = postSolution
		{AD931D10-D0B8-497D-B481-2EBBE09EB9B9}.Debug|Any CPU.ActiveCfg = Debug|Any CPU
		{AD931D10-D0B8-497D-B481-2EBBE09EB9B9}.Debug|Any CPU.Build.0 = Debug|Any CPU
		{AD931D10-D0B8-497D-B481-2EBBE09EB9B9}.Release|Any CPU.ActiveCfg = Release|Any CPU
		{AD931D10-D0B8-497D-B481-2EBBE09EB9B9}.Release|Any CPU.Build.0 = Release|Any CPU
	EndGlobalSection
	GlobalSection(SolutionProperties) = preSolution
		HideSolutionNode = FALSE
	EndGlobalSection
	GlobalSection(ExtensibilityGlobals) = postSolution
		SolutionGuid = {6481DA23-BE88-4A14-8A06-1DEE8698E37F}
	EndGlobalSection
EndGlobal
