
Microsoft Visual Studio Solution File, Format Version 12.00
# Visual Studio Version 17
VisualStudioVersion = 17.6.33829.357
MinimumVisualStudioVersion = 10.0.40219.1
Project("{FAE04EC0-301F-11D3-BF4B-00C04F79EFBC}") = "ManipularNumeros", "ManipularNumeros\ManipularNumeros.csproj", "{497D188B-8A50-4A44-89C1-D3F641D2264D}"
EndProject
Global
	GlobalSection(SolutionConfigurationPlatforms) = preSolution
		Debug|Any CPU = Debug|Any CPU
		Release|Any CPU = Release|Any CPU
	EndGlobalSection
	GlobalSection(ProjectConfigurationPlatforms) = postSolution
		{497D188B-8A50-4A44-89C1-D3F641D2264D}.Debug|Any CPU.ActiveCfg = Debug|Any CPU
		{497D188B-8A50-4A44-89C1-D3F641D2264D}.Debug|Any CPU.Build.0 = Debug|Any CPU
		{497D188B-8A50-4A44-89C1-D3F641D2264D}.Release|Any CPU.ActiveCfg = Release|Any CPU
		{497D188B-8A50-4A44-89C1-D3F641D2264D}.Release|Any CPU.Build.0 = Release|Any CPU
	EndGlobalSection
	GlobalSection(SolutionProperties) = preSolution
		HideSolutionNode = FALSE
	EndGlobalSection
	GlobalSection(ExtensibilityGlobals) = postSolution
		SolutionGuid = {9ED0C9AE-8E61-434E-A3C7-AE6781B81D03}
	EndGlobalSection
EndGlobal
