
Microsoft Visual Studio Solution File, Format Version 12.00
# Visual Studio Version 17
VisualStudioVersion = 17.6.33723.286
MinimumVisualStudioVersion = 10.0.40219.1
Project("{FAE04EC0-301F-11D3-BF4B-00C04F79EFBC}") = "Controle", "Controle\Controle.csproj", "{0358F65C-413F-4BAF-B62F-632436F9977C}"
EndProject
Global
	GlobalSection(SolutionConfigurationPlatforms) = preSolution
		Debug|Any CPU = Debug|Any CPU
		Release|Any CPU = Release|Any CPU
	EndGlobalSection
	GlobalSection(ProjectConfigurationPlatforms) = postSolution
		{0358F65C-413F-4BAF-B62F-632436F9977C}.Debug|Any CPU.ActiveCfg = Debug|Any CPU
		{0358F65C-413F-4BAF-B62F-632436F9977C}.Debug|Any CPU.Build.0 = Debug|Any CPU
		{0358F65C-413F-4BAF-B62F-632436F9977C}.Release|Any CPU.ActiveCfg = Release|Any CPU
		{0358F65C-413F-4BAF-B62F-632436F9977C}.Release|Any CPU.Build.0 = Release|Any CPU
	EndGlobalSection
	GlobalSection(SolutionProperties) = preSolution
		HideSolutionNode = FALSE
	EndGlobalSection
	GlobalSection(ExtensibilityGlobals) = postSolution
		SolutionGuid = {AD5D945B-49A4-41D9-8417-1DBCCD8413C7}
	EndGlobalSection
EndGlobal
