
Microsoft Visual Studio Solution File, Format Version 12.00
# Visual Studio Version 17
VisualStudioVersion = 17.7.34221.43
MinimumVisualStudioVersion = 10.0.40219.1
Project("{FAE04EC0-301F-11D3-BF4B-00C04F79EFBC}") = "Lambda", "Lambda\Lambda.csproj", "{0A0F8CD9-CA8F-4413-B23B-F9EEE56F11C0}"
EndProject
Global
	GlobalSection(SolutionConfigurationPlatforms) = preSolution
		Debug|Any CPU = Debug|Any CPU
		Release|Any CPU = Release|Any CPU
	EndGlobalSection
	GlobalSection(ProjectConfigurationPlatforms) = postSolution
		{0A0F8CD9-CA8F-4413-B23B-F9EEE56F11C0}.Debug|Any CPU.ActiveCfg = Debug|Any CPU
		{0A0F8CD9-CA8F-4413-B23B-F9EEE56F11C0}.Debug|Any CPU.Build.0 = Debug|Any CPU
		{0A0F8CD9-CA8F-4413-B23B-F9EEE56F11C0}.Release|Any CPU.ActiveCfg = Release|Any CPU
		{0A0F8CD9-CA8F-4413-B23B-F9EEE56F11C0}.Release|Any CPU.Build.0 = Release|Any CPU
	EndGlobalSection
	GlobalSection(SolutionProperties) = preSolution
		HideSolutionNode = FALSE
	EndGlobalSection
	GlobalSection(ExtensibilityGlobals) = postSolution
		SolutionGuid = {840439D5-6016-42A9-ACE4-E38D1B2DCA37}
	EndGlobalSection
EndGlobal
