
Microsoft Visual Studio Solution File, Format Version 12.00
# Visual Studio Version 17
VisualStudioVersion = 17.6.33829.357
MinimumVisualStudioVersion = 10.0.40219.1
Project("{FAE04EC0-301F-11D3-BF4B-00C04F79EFBC}") = "SistemaLogin", "SistemaLogin\SistemaLogin.csproj", "{B7330095-19D8-4838-B525-25AEBCE945B1}"
EndProject
Global
	GlobalSection(SolutionConfigurationPlatforms) = preSolution
		Debug|Any CPU = Debug|Any CPU
		Release|Any CPU = Release|Any CPU
	EndGlobalSection
	GlobalSection(ProjectConfigurationPlatforms) = postSolution
		{B7330095-19D8-4838-B525-25AEBCE945B1}.Debug|Any CPU.ActiveCfg = Debug|Any CPU
		{B7330095-19D8-4838-B525-25AEBCE945B1}.Debug|Any CPU.Build.0 = Debug|Any CPU
		{B7330095-19D8-4838-B525-25AEBCE945B1}.Release|Any CPU.ActiveCfg = Release|Any CPU
		{B7330095-19D8-4838-B525-25AEBCE945B1}.Release|Any CPU.Build.0 = Release|Any CPU
	EndGlobalSection
	GlobalSection(SolutionProperties) = preSolution
		HideSolutionNode = FALSE
	EndGlobalSection
	GlobalSection(ExtensibilityGlobals) = postSolution
		SolutionGuid = {FE5C26E8-9D8B-413A-8EC8-DD63AC23491E}
	EndGlobalSection
EndGlobal
