
Microsoft Visual Studio Solution File, Format Version 12.00
# Visual Studio Version 17
VisualStudioVersion = 17.7.34221.43
MinimumVisualStudioVersion = 10.0.40219.1
Project("{FAE04EC0-301F-11D3-BF4B-00C04F79EFBC}") = "ControleErros", "ControleErros\ControleErros.csproj", "{AC0A374E-7A64-4885-B0B6-57E86635C5EC}"
EndProject
Global
	GlobalSection(SolutionConfigurationPlatforms) = preSolution
		Debug|Any CPU = Debug|Any CPU
		Release|Any CPU = Release|Any CPU
	EndGlobalSection
	GlobalSection(ProjectConfigurationPlatforms) = postSolution
		{AC0A374E-7A64-4885-B0B6-57E86635C5EC}.Debug|Any CPU.ActiveCfg = Debug|Any CPU
		{AC0A374E-7A64-4885-B0B6-57E86635C5EC}.Debug|Any CPU.Build.0 = Debug|Any CPU
		{AC0A374E-7A64-4885-B0B6-57E86635C5EC}.Release|Any CPU.ActiveCfg = Release|Any CPU
		{AC0A374E-7A64-4885-B0B6-57E86635C5EC}.Release|Any CPU.Build.0 = Release|Any CPU
	EndGlobalSection
	GlobalSection(SolutionProperties) = preSolution
		HideSolutionNode = FALSE
	EndGlobalSection
	GlobalSection(ExtensibilityGlobals) = postSolution
		SolutionGuid = {00EF9618-EC46-4BCF-993E-C685EEC5D5C9}
	EndGlobalSection
EndGlobal
