
Microsoft Visual Studio Solution File, Format Version 12.00
# Visual Studio Version 17
VisualStudioVersion = 17.6.33723.286
MinimumVisualStudioVersion = 10.0.40219.1
Project("{FAE04EC0-301F-11D3-BF4B-00C04F79EFBC}") = "MultiplicarMatrizes", "MultiplicarMatrizes\MultiplicarMatrizes.csproj", "{000BA8C2-E108-4147-871E-8459495F72F3}"
EndProject
Global
	GlobalSection(SolutionConfigurationPlatforms) = preSolution
		Debug|Any CPU = Debug|Any CPU
		Release|Any CPU = Release|Any CPU
	EndGlobalSection
	GlobalSection(ProjectConfigurationPlatforms) = postSolution
		{000BA8C2-E108-4147-871E-8459495F72F3}.Debug|Any CPU.ActiveCfg = Debug|Any CPU
		{000BA8C2-E108-4147-871E-8459495F72F3}.Debug|Any CPU.Build.0 = Debug|Any CPU
		{000BA8C2-E108-4147-871E-8459495F72F3}.Release|Any CPU.ActiveCfg = Release|Any CPU
		{000BA8C2-E108-4147-871E-8459495F72F3}.Release|Any CPU.Build.0 = Release|Any CPU
	EndGlobalSection
	GlobalSection(SolutionProperties) = preSolution
		HideSolutionNode = FALSE
	EndGlobalSection
	GlobalSection(ExtensibilityGlobals) = postSolution
		SolutionGuid = {4A588F6E-1FFF-4E35-98BC-07D92422C80D}
	EndGlobalSection
EndGlobal
