
Microsoft Visual Studio Solution File, Format Version 12.00
# Visual Studio Version 17
VisualStudioVersion = 17.7.34024.191
MinimumVisualStudioVersion = 10.0.40219.1
Project("{FAE04EC0-301F-11D3-BF4B-00C04F79EFBC}") = "Parte001", "Parte001\Parte001.csproj", "{072CA0AC-145E-4F87-A183-538EA256BD83}"
EndProject
Project("{FAE04EC0-301F-11D3-BF4B-00C04F79EFBC}") = "Parte002", "Parte002\Parte002.csproj", "{42A25282-78B6-45E0-B9FD-00C33A4E8625}"
EndProject
Project("{FAE04EC0-301F-11D3-BF4B-00C04F79EFBC}") = "Parte003", "Parte003\Parte003.csproj", "{23D54C08-7D4E-416B-944A-222C586FDF9A}"
EndProject
Project("{FAE04EC0-301F-11D3-BF4B-00C04F79EFBC}") = "Parte004", "Parte004\Parte004.csproj", "{085A36CC-83D7-478C-A5B8-41246E20AE28}"
EndProject
Project("{FAE04EC0-301F-11D3-BF4B-00C04F79EFBC}") = "Parte005", "Parte005\Parte005.csproj", "{2460A459-3B0E-490D-9F97-0E188D106819}"
EndProject
Project("{FAE04EC0-301F-11D3-BF4B-00C04F79EFBC}") = "Parte006", "Parte006\Parte006.csproj", "{87D9D948-A8B9-40C9-A167-FE64BF36D099}"
EndProject
Project("{FAE04EC0-301F-11D3-BF4B-00C04F79EFBC}") = "Parte007", "Parte007\Parte007.csproj", "{073C5797-4E35-45DE-800B-D935DB59CFAD}"
EndProject
Project("{FAE04EC0-301F-11D3-BF4B-00C04F79EFBC}") = "Parte008", "Parte008\Parte008.csproj", "{0CFD9E2A-301A-418B-B9DD-07BD0BC99CA5}"
EndProject
Project("{FAE04EC0-301F-11D3-BF4B-00C04F79EFBC}") = "Parte009", "Parte009\Parte009.csproj", "{E8B70199-9061-41FF-8F74-4BEE42D81417}"
EndProject
Project("{FAE04EC0-301F-11D3-BF4B-00C04F79EFBC}") = "Parte010", "Parte010\Parte010.csproj", "{A0C3A9AB-BC9B-4486-AE6C-6CCD1604DFA1}"
EndProject
Project("{FAE04EC0-301F-11D3-BF4B-00C04F79EFBC}") = "Parte011", "Parte011\Parte011.csproj", "{87A7F503-8AF1-4EAE-8A2E-D05DD2F8796E}"
EndProject
Project("{FAE04EC0-301F-11D3-BF4B-00C04F79EFBC}") = "Parte012", "Parte012\Parte012.csproj", "{E057B65D-FC18-41B3-B03D-0D6A95C140A9}"
EndProject
Project("{FAE04EC0-301F-11D3-BF4B-00C04F79EFBC}") = "Parte013", "Parte013\Parte013.csproj", "{9ADBEDAE-A6FC-49DE-8722-5BB598895C0B}"
EndProject
Project("{FAE04EC0-301F-11D3-BF4B-00C04F79EFBC}") = "Parte014", "Parte014\Parte014.csproj", "{6257C7C3-9059-484A-A6A9-0789095F6A30}"
EndProject
Project("{FAE04EC0-301F-11D3-BF4B-00C04F79EFBC}") = "Parte015", "Parte015\Parte015.csproj", "{C31A1A89-59DD-48FC-B0EF-A4CC6075C733}"
EndProject
Project("{FAE04EC0-301F-11D3-BF4B-00C04F79EFBC}") = "Parte016", "Parte016\Parte016.csproj", "{90903B2F-ABF5-477D-A261-DC917804BAC8}"
EndProject
Project("{FAE04EC0-301F-11D3-BF4B-00C04F79EFBC}") = "Parte017", "Parte017\Parte017.csproj", "{0DAE32EE-5A23-4D6E-90F3-2EC0D2563555}"
EndProject
Project("{FAE04EC0-301F-11D3-BF4B-00C04F79EFBC}") = "Parte018", "Parte018\Parte018.csproj", "{47E97DF7-59AE-4A7C-A0DB-256B78C77924}"
EndProject
Project("{FAE04EC0-301F-11D3-BF4B-00C04F79EFBC}") = "Parte019", "Parte019\Parte019.csproj", "{74992381-3A0B-4481-A26C-9DD94DDF2CD2}"
EndProject
Project("{FAE04EC0-301F-11D3-BF4B-00C04F79EFBC}") = "Parte020", "Parte020\Parte020.csproj", "{09D6BAD0-3482-44AA-BCB5-24C5F5729DC3}"
EndProject
Project("{FAE04EC0-301F-11D3-BF4B-00C04F79EFBC}") = "Parte021", "Parte021\Parte021.csproj", "{8EF04EAD-2342-44CC-928B-257F1C019568}"
EndProject
Project("{FAE04EC0-301F-11D3-BF4B-00C04F79EFBC}") = "Parte022", "Parte022\Parte022.csproj", "{B2ADE0D1-E77E-4FEE-B525-CDA35D5627E1}"
EndProject
Project("{FAE04EC0-301F-11D3-BF4B-00C04F79EFBC}") = "Parte023", "Parte023\Parte023.csproj", "{D7CE75CE-8305-447D-B4F8-1EB3004F8419}"
EndProject
Project("{FAE04EC0-301F-11D3-BF4B-00C04F79EFBC}") = "Parte024", "Parte024\Parte024.csproj", "{76B9099B-534A-41C6-892C-28EE576C8A19}"
EndProject
Project("{FAE04EC0-301F-11D3-BF4B-00C04F79EFBC}") = "Parte025", "Parte025\Parte025.csproj", "{1246D641-5717-4A2D-84B8-4064E4E4B16E}"
EndProject
Project("{FAE04EC0-301F-11D3-BF4B-00C04F79EFBC}") = "Parte026", "Parte026\Parte026.csproj", "{92F86661-E988-4730-8B43-0604A0FB5E70}"
EndProject
Project("{FAE04EC0-301F-11D3-BF4B-00C04F79EFBC}") = "Parte027", "Parte027\Parte027.csproj", "{326BB81C-9FA6-4DF0-A7E2-9B68EB4DD0F1}"
EndProject
Project("{FAE04EC0-301F-11D3-BF4B-00C04F79EFBC}") = "Parte028", "Parte028\Parte028.csproj", "{69FCBBD7-92EB-41C8-BD1C-AF720EE23C27}"
EndProject
Project("{FAE04EC0-301F-11D3-BF4B-00C04F79EFBC}") = "Parte029", "Parte029\Parte029.csproj", "{DAD2639F-B598-48AE-AF22-BD82FA0ADA6E}"
EndProject
Project("{FAE04EC0-301F-11D3-BF4B-00C04F79EFBC}") = "Parte030", "Parte030\Parte030.csproj", "{E006BE49-F841-4E96-81B8-E2589EDBA948}"
EndProject
Project("{FAE04EC0-301F-11D3-BF4B-00C04F79EFBC}") = "Parte031", "Parte031\Parte031.csproj", "{5F2D18EF-54CF-45E9-89EE-2725E150CD2B}"
EndProject
Project("{FAE04EC0-301F-11D3-BF4B-00C04F79EFBC}") = "Parte032", "Parte032\Parte032.csproj", "{4EF590F9-13C8-480B-9D1A-E8149250C4B1}"
EndProject
Project("{FAE04EC0-301F-11D3-BF4B-00C04F79EFBC}") = "Parte033", "Parte033\Parte033.csproj", "{05B43334-2592-4923-9A6D-5F76645041FA}"
EndProject
Project("{FAE04EC0-301F-11D3-BF4B-00C04F79EFBC}") = "Parte034", "Parte034\Parte034.csproj", "{135C17B3-8647-4DEF-8683-F019FA2E2B52}"
EndProject
Project("{FAE04EC0-301F-11D3-BF4B-00C04F79EFBC}") = "Parte035", "Parte035\Parte035.csproj", "{260B307B-61A1-4622-90BA-DD8DE25CCF3E}"
EndProject
Project("{FAE04EC0-301F-11D3-BF4B-00C04F79EFBC}") = "Parte036", "Parte036\Parte036.csproj", "{5A422895-F7FB-4CDC-9903-4CA84A3478B4}"
EndProject
Project("{FAE04EC0-301F-11D3-BF4B-00C04F79EFBC}") = "Parte037", "Parte037\Parte037.csproj", "{CBE97D94-46EC-4D8F-8C11-C9C1B0F66B45}"
EndProject
Project("{FAE04EC0-301F-11D3-BF4B-00C04F79EFBC}") = "Parte038", "Parte038\Parte038.csproj", "{1A01ACCF-F251-43F2-A8DC-BEA85887AA46}"
EndProject
Project("{FAE04EC0-301F-11D3-BF4B-00C04F79EFBC}") = "Parte039", "Parte039\Parte039.csproj", "{AE622579-5A19-4B4A-88BC-6F0234428E94}"
EndProject
Project("{FAE04EC0-301F-11D3-BF4B-00C04F79EFBC}") = "Parte040", "Parte040\Parte040.csproj", "{4924E5CF-4A33-47A4-8720-73EFB7B063CE}"
EndProject
Project("{FAE04EC0-301F-11D3-BF4B-00C04F79EFBC}") = "Parte041", "Parte041\Parte041.csproj", "{32979108-D32D-42D4-B98C-B32403CE43C2}"
EndProject
Global
	GlobalSection(SolutionConfigurationPlatforms) = preSolution
		Debug|Any CPU = Debug|Any CPU
		Release|Any CPU = Release|Any CPU
	EndGlobalSection
	GlobalSection(ProjectConfigurationPlatforms) = postSolution
		{072CA0AC-145E-4F87-A183-538EA256BD83}.Debug|Any CPU.ActiveCfg = Debug|Any CPU
		{072CA0AC-145E-4F87-A183-538EA256BD83}.Debug|Any CPU.Build.0 = Debug|Any CPU
		{072CA0AC-145E-4F87-A183-538EA256BD83}.Release|Any CPU.ActiveCfg = Release|Any CPU
		{072CA0AC-145E-4F87-A183-538EA256BD83}.Release|Any CPU.Build.0 = Release|Any CPU
		{42A25282-78B6-45E0-B9FD-00C33A4E8625}.Debug|Any CPU.ActiveCfg = Debug|Any CPU
		{42A25282-78B6-45E0-B9FD-00C33A4E8625}.Debug|Any CPU.Build.0 = Debug|Any CPU
		{42A25282-78B6-45E0-B9FD-00C33A4E8625}.Release|Any CPU.ActiveCfg = Release|Any CPU
		{42A25282-78B6-45E0-B9FD-00C33A4E8625}.Release|Any CPU.Build.0 = Release|Any CPU
		{23D54C08-7D4E-416B-944A-222C586FDF9A}.Debug|Any CPU.ActiveCfg = Debug|Any CPU
		{23D54C08-7D4E-416B-944A-222C586FDF9A}.Debug|Any CPU.Build.0 = Debug|Any CPU
		{23D54C08-7D4E-416B-944A-222C586FDF9A}.Release|Any CPU.ActiveCfg = Release|Any CPU
		{23D54C08-7D4E-416B-944A-222C586FDF9A}.Release|Any CPU.Build.0 = Release|Any CPU
		{085A36CC-83D7-478C-A5B8-41246E20AE28}.Debug|Any CPU.ActiveCfg = Debug|Any CPU
		{085A36CC-83D7-478C-A5B8-41246E20AE28}.Debug|Any CPU.Build.0 = Debug|Any CPU
		{085A36CC-83D7-478C-A5B8-41246E20AE28}.Release|Any CPU.ActiveCfg = Release|Any CPU
		{085A36CC-83D7-478C-A5B8-41246E20AE28}.Release|Any CPU.Build.0 = Release|Any CPU
		{2460A459-3B0E-490D-9F97-0E188D106819}.Debug|Any CPU.ActiveCfg = Debug|Any CPU
		{2460A459-3B0E-490D-9F97-0E188D106819}.Debug|Any CPU.Build.0 = Debug|Any CPU
		{2460A459-3B0E-490D-9F97-0E188D106819}.Release|Any CPU.ActiveCfg = Release|Any CPU
		{2460A459-3B0E-490D-9F97-0E188D106819}.Release|Any CPU.Build.0 = Release|Any CPU
		{87D9D948-A8B9-40C9-A167-FE64BF36D099}.Debug|Any CPU.ActiveCfg = Debug|Any CPU
		{87D9D948-A8B9-40C9-A167-FE64BF36D099}.Debug|Any CPU.Build.0 = Debug|Any CPU
		{87D9D948-A8B9-40C9-A167-FE64BF36D099}.Release|Any CPU.ActiveCfg = Release|Any CPU
		{87D9D948-A8B9-40C9-A167-FE64BF36D099}.Release|Any CPU.Build.0 = Release|Any CPU
		{073C5797-4E35-45DE-800B-D935DB59CFAD}.Debug|Any CPU.ActiveCfg = Debug|Any CPU
		{073C5797-4E35-45DE-800B-D935DB59CFAD}.Debug|Any CPU.Build.0 = Debug|Any CPU
		{073C5797-4E35-45DE-800B-D935DB59CFAD}.Release|Any CPU.ActiveCfg = Release|Any CPU
		{073C5797-4E35-45DE-800B-D935DB59CFAD}.Release|Any CPU.Build.0 = Release|Any CPU
		{0CFD9E2A-301A-418B-B9DD-07BD0BC99CA5}.Debug|Any CPU.ActiveCfg = Debug|Any CPU
		{0CFD9E2A-301A-418B-B9DD-07BD0BC99CA5}.Debug|Any CPU.Build.0 = Debug|Any CPU
		{0CFD9E2A-301A-418B-B9DD-07BD0BC99CA5}.Release|Any CPU.ActiveCfg = Release|Any CPU
		{0CFD9E2A-301A-418B-B9DD-07BD0BC99CA5}.Release|Any CPU.Build.0 = Release|Any CPU
		{E8B70199-9061-41FF-8F74-4BEE42D81417}.Debug|Any CPU.ActiveCfg = Debug|Any CPU
		{E8B70199-9061-41FF-8F74-4BEE42D81417}.Debug|Any CPU.Build.0 = Debug|Any CPU
		{E8B70199-9061-41FF-8F74-4BEE42D81417}.Release|Any CPU.ActiveCfg = Release|Any CPU
		{E8B70199-9061-41FF-8F74-4BEE42D81417}.Release|Any CPU.Build.0 = Release|Any CPU
		{A0C3A9AB-BC9B-4486-AE6C-6CCD1604DFA1}.Debug|Any CPU.ActiveCfg = Debug|Any CPU
		{A0C3A9AB-BC9B-4486-AE6C-6CCD1604DFA1}.Debug|Any CPU.Build.0 = Debug|Any CPU
		{A0C3A9AB-BC9B-4486-AE6C-6CCD1604DFA1}.Release|Any CPU.ActiveCfg = Release|Any CPU
		{A0C3A9AB-BC9B-4486-AE6C-6CCD1604DFA1}.Release|Any CPU.Build.0 = Release|Any CPU
		{87A7F503-8AF1-4EAE-8A2E-D05DD2F8796E}.Debug|Any CPU.ActiveCfg = Debug|Any CPU
		{87A7F503-8AF1-4EAE-8A2E-D05DD2F8796E}.Debug|Any CPU.Build.0 = Debug|Any CPU
		{87A7F503-8AF1-4EAE-8A2E-D05DD2F8796E}.Release|Any CPU.ActiveCfg = Release|Any CPU
		{87A7F503-8AF1-4EAE-8A2E-D05DD2F8796E}.Release|Any CPU.Build.0 = Release|Any CPU
		{E057B65D-FC18-41B3-B03D-0D6A95C140A9}.Debug|Any CPU.ActiveCfg = Debug|Any CPU
		{E057B65D-FC18-41B3-B03D-0D6A95C140A9}.Debug|Any CPU.Build.0 = Debug|Any CPU
		{E057B65D-FC18-41B3-B03D-0D6A95C140A9}.Release|Any CPU.ActiveCfg = Release|Any CPU
		{E057B65D-FC18-41B3-B03D-0D6A95C140A9}.Release|Any CPU.Build.0 = Release|Any CPU
		{9ADBEDAE-A6FC-49DE-8722-5BB598895C0B}.Debug|Any CPU.ActiveCfg = Debug|Any CPU
		{9ADBEDAE-A6FC-49DE-8722-5BB598895C0B}.Debug|Any CPU.Build.0 = Debug|Any CPU
		{9ADBEDAE-A6FC-49DE-8722-5BB598895C0B}.Release|Any CPU.ActiveCfg = Release|Any CPU
		{9ADBEDAE-A6FC-49DE-8722-5BB598895C0B}.Release|Any CPU.Build.0 = Release|Any CPU
		{6257C7C3-9059-484A-A6A9-0789095F6A30}.Debug|Any CPU.ActiveCfg = Debug|Any CPU
		{6257C7C3-9059-484A-A6A9-0789095F6A30}.Debug|Any CPU.Build.0 = Debug|Any CPU
		{6257C7C3-9059-484A-A6A9-0789095F6A30}.Release|Any CPU.ActiveCfg = Release|Any CPU
		{6257C7C3-9059-484A-A6A9-0789095F6A30}.Release|Any CPU.Build.0 = Release|Any CPU
		{C31A1A89-59DD-48FC-B0EF-A4CC6075C733}.Debug|Any CPU.ActiveCfg = Debug|Any CPU
		{C31A1A89-59DD-48FC-B0EF-A4CC6075C733}.Debug|Any CPU.Build.0 = Debug|Any CPU
		{C31A1A89-59DD-48FC-B0EF-A4CC6075C733}.Release|Any CPU.ActiveCfg = Release|Any CPU
		{C31A1A89-59DD-48FC-B0EF-A4CC6075C733}.Release|Any CPU.Build.0 = Release|Any CPU
		{90903B2F-ABF5-477D-A261-DC917804BAC8}.Debug|Any CPU.ActiveCfg = Debug|Any CPU
		{90903B2F-ABF5-477D-A261-DC917804BAC8}.Debug|Any CPU.Build.0 = Debug|Any CPU
		{90903B2F-ABF5-477D-A261-DC917804BAC8}.Release|Any CPU.ActiveCfg = Release|Any CPU
		{90903B2F-ABF5-477D-A261-DC917804BAC8}.Release|Any CPU.Build.0 = Release|Any CPU
		{0DAE32EE-5A23-4D6E-90F3-2EC0D2563555}.Debug|Any CPU.ActiveCfg = Debug|Any CPU
		{0DAE32EE-5A23-4D6E-90F3-2EC0D2563555}.Debug|Any CPU.Build.0 = Debug|Any CPU
		{0DAE32EE-5A23-4D6E-90F3-2EC0D2563555}.Release|Any CPU.ActiveCfg = Release|Any CPU
		{0DAE32EE-5A23-4D6E-90F3-2EC0D2563555}.Release|Any CPU.Build.0 = Release|Any CPU
		{47E97DF7-59AE-4A7C-A0DB-256B78C77924}.Debug|Any CPU.ActiveCfg = Debug|Any CPU
		{47E97DF7-59AE-4A7C-A0DB-256B78C77924}.Debug|Any CPU.Build.0 = Debug|Any CPU
		{47E97DF7-59AE-4A7C-A0DB-256B78C77924}.Release|Any CPU.ActiveCfg = Release|Any CPU
		{47E97DF7-59AE-4A7C-A0DB-256B78C77924}.Release|Any CPU.Build.0 = Release|Any CPU
		{74992381-3A0B-4481-A26C-9DD94DDF2CD2}.Debug|Any CPU.ActiveCfg = Debug|Any CPU
		{74992381-3A0B-4481-A26C-9DD94DDF2CD2}.Debug|Any CPU.Build.0 = Debug|Any CPU
		{74992381-3A0B-4481-A26C-9DD94DDF2CD2}.Release|Any CPU.ActiveCfg = Release|Any CPU
		{74992381-3A0B-4481-A26C-9DD94DDF2CD2}.Release|Any CPU.Build.0 = Release|Any CPU
		{09D6BAD0-3482-44AA-BCB5-24C5F5729DC3}.Debug|Any CPU.ActiveCfg = Debug|Any CPU
		{09D6BAD0-3482-44AA-BCB5-24C5F5729DC3}.Debug|Any CPU.Build.0 = Debug|Any CPU
		{09D6BAD0-3482-44AA-BCB5-24C5F5729DC3}.Release|Any CPU.ActiveCfg = Release|Any CPU
		{09D6BAD0-3482-44AA-BCB5-24C5F5729DC3}.Release|Any CPU.Build.0 = Release|Any CPU
		{8EF04EAD-2342-44CC-928B-257F1C019568}.Debug|Any CPU.ActiveCfg = Debug|Any CPU
		{8EF04EAD-2342-44CC-928B-257F1C019568}.Debug|Any CPU.Build.0 = Debug|Any CPU
		{8EF04EAD-2342-44CC-928B-257F1C019568}.Release|Any CPU.ActiveCfg = Release|Any CPU
		{8EF04EAD-2342-44CC-928B-257F1C019568}.Release|Any CPU.Build.0 = Release|Any CPU
		{B2ADE0D1-E77E-4FEE-B525-CDA35D5627E1}.Debug|Any CPU.ActiveCfg = Debug|Any CPU
		{B2ADE0D1-E77E-4FEE-B525-CDA35D5627E1}.Debug|Any CPU.Build.0 = Debug|Any CPU
		{B2ADE0D1-E77E-4FEE-B525-CDA35D5627E1}.Release|Any CPU.ActiveCfg = Release|Any CPU
		{B2ADE0D1-E77E-4FEE-B525-CDA35D5627E1}.Release|Any CPU.Build.0 = Release|Any CPU
		{D7CE75CE-8305-447D-B4F8-1EB3004F8419}.Debug|Any CPU.ActiveCfg = Debug|Any CPU
		{D7CE75CE-8305-447D-B4F8-1EB3004F8419}.Debug|Any CPU.Build.0 = Debug|Any CPU
		{D7CE75CE-8305-447D-B4F8-1EB3004F8419}.Release|Any CPU.ActiveCfg = Release|Any CPU
		{D7CE75CE-8305-447D-B4F8-1EB3004F8419}.Release|Any CPU.Build.0 = Release|Any CPU
		{76B9099B-534A-41C6-892C-28EE576C8A19}.Debug|Any CPU.ActiveCfg = Debug|Any CPU
		{76B9099B-534A-41C6-892C-28EE576C8A19}.Debug|Any CPU.Build.0 = Debug|Any CPU
		{76B9099B-534A-41C6-892C-28EE576C8A19}.Release|Any CPU.ActiveCfg = Release|Any CPU
		{76B9099B-534A-41C6-892C-28EE576C8A19}.Release|Any CPU.Build.0 = Release|Any CPU
		{1246D641-5717-4A2D-84B8-4064E4E4B16E}.Debug|Any CPU.ActiveCfg = Debug|Any CPU
		{1246D641-5717-4A2D-84B8-4064E4E4B16E}.Debug|Any CPU.Build.0 = Debug|Any CPU
		{1246D641-5717-4A2D-84B8-4064E4E4B16E}.Release|Any CPU.ActiveCfg = Release|Any CPU
		{1246D641-5717-4A2D-84B8-4064E4E4B16E}.Release|Any CPU.Build.0 = Release|Any CPU
		{92F86661-E988-4730-8B43-0604A0FB5E70}.Debug|Any CPU.ActiveCfg = Debug|Any CPU
		{92F86661-E988-4730-8B43-0604A0FB5E70}.Debug|Any CPU.Build.0 = Debug|Any CPU
		{92F86661-E988-4730-8B43-0604A0FB5E70}.Release|Any CPU.ActiveCfg = Release|Any CPU
		{92F86661-E988-4730-8B43-0604A0FB5E70}.Release|Any CPU.Build.0 = Release|Any CPU
		{326BB81C-9FA6-4DF0-A7E2-9B68EB4DD0F1}.Debug|Any CPU.ActiveCfg = Debug|Any CPU
		{326BB81C-9FA6-4DF0-A7E2-9B68EB4DD0F1}.Debug|Any CPU.Build.0 = Debug|Any CPU
		{326BB81C-9FA6-4DF0-A7E2-9B68EB4DD0F1}.Release|Any CPU.ActiveCfg = Release|Any CPU
		{326BB81C-9FA6-4DF0-A7E2-9B68EB4DD0F1}.Release|Any CPU.Build.0 = Release|Any CPU
		{69FCBBD7-92EB-41C8-BD1C-AF720EE23C27}.Debug|Any CPU.ActiveCfg = Debug|Any CPU
		{69FCBBD7-92EB-41C8-BD1C-AF720EE23C27}.Debug|Any CPU.Build.0 = Debug|Any CPU
		{69FCBBD7-92EB-41C8-BD1C-AF720EE23C27}.Release|Any CPU.ActiveCfg = Release|Any CPU
		{69FCBBD7-92EB-41C8-BD1C-AF720EE23C27}.Release|Any CPU.Build.0 = Release|Any CPU
		{DAD2639F-B598-48AE-AF22-BD82FA0ADA6E}.Debug|Any CPU.ActiveCfg = Debug|Any CPU
		{DAD2639F-B598-48AE-AF22-BD82FA0ADA6E}.Debug|Any CPU.Build.0 = Debug|Any CPU
		{DAD2639F-B598-48AE-AF22-BD82FA0ADA6E}.Release|Any CPU.ActiveCfg = Release|Any CPU
		{DAD2639F-B598-48AE-AF22-BD82FA0ADA6E}.Release|Any CPU.Build.0 = Release|Any CPU
		{E006BE49-F841-4E96-81B8-E2589EDBA948}.Debug|Any CPU.ActiveCfg = Debug|Any CPU
		{E006BE49-F841-4E96-81B8-E2589EDBA948}.Debug|Any CPU.Build.0 = Debug|Any CPU
		{E006BE49-F841-4E96-81B8-E2589EDBA948}.Release|Any CPU.ActiveCfg = Release|Any CPU
		{E006BE49-F841-4E96-81B8-E2589EDBA948}.Release|Any CPU.Build.0 = Release|Any CPU
		{5F2D18EF-54CF-45E9-89EE-2725E150CD2B}.Debug|Any CPU.ActiveCfg = Debug|Any CPU
		{5F2D18EF-54CF-45E9-89EE-2725E150CD2B}.Debug|Any CPU.Build.0 = Debug|Any CPU
		{5F2D18EF-54CF-45E9-89EE-2725E150CD2B}.Release|Any CPU.ActiveCfg = Release|Any CPU
		{5F2D18EF-54CF-45E9-89EE-2725E150CD2B}.Release|Any CPU.Build.0 = Release|Any CPU
		{4EF590F9-13C8-480B-9D1A-E8149250C4B1}.Debug|Any CPU.ActiveCfg = Debug|Any CPU
		{4EF590F9-13C8-480B-9D1A-E8149250C4B1}.Debug|Any CPU.Build.0 = Debug|Any CPU
		{4EF590F9-13C8-480B-9D1A-E8149250C4B1}.Release|Any CPU.ActiveCfg = Release|Any CPU
		{4EF590F9-13C8-480B-9D1A-E8149250C4B1}.Release|Any CPU.Build.0 = Release|Any CPU
		{05B43334-2592-4923-9A6D-5F76645041FA}.Debug|Any CPU.ActiveCfg = Debug|Any CPU
		{05B43334-2592-4923-9A6D-5F76645041FA}.Debug|Any CPU.Build.0 = Debug|Any CPU
		{05B43334-2592-4923-9A6D-5F76645041FA}.Release|Any CPU.ActiveCfg = Release|Any CPU
		{05B43334-2592-4923-9A6D-5F76645041FA}.Release|Any CPU.Build.0 = Release|Any CPU
		{135C17B3-8647-4DEF-8683-F019FA2E2B52}.Debug|Any CPU.ActiveCfg = Debug|Any CPU
		{135C17B3-8647-4DEF-8683-F019FA2E2B52}.Debug|Any CPU.Build.0 = Debug|Any CPU
		{135C17B3-8647-4DEF-8683-F019FA2E2B52}.Release|Any CPU.ActiveCfg = Release|Any CPU
		{135C17B3-8647-4DEF-8683-F019FA2E2B52}.Release|Any CPU.Build.0 = Release|Any CPU
		{260B307B-61A1-4622-90BA-DD8DE25CCF3E}.Debug|Any CPU.ActiveCfg = Debug|Any CPU
		{260B307B-61A1-4622-90BA-DD8DE25CCF3E}.Debug|Any CPU.Build.0 = Debug|Any CPU
		{260B307B-61A1-4622-90BA-DD8DE25CCF3E}.Release|Any CPU.ActiveCfg = Release|Any CPU
		{260B307B-61A1-4622-90BA-DD8DE25CCF3E}.Release|Any CPU.Build.0 = Release|Any CPU
		{5A422895-F7FB-4CDC-9903-4CA84A3478B4}.Debug|Any CPU.ActiveCfg = Debug|Any CPU
		{5A422895-F7FB-4CDC-9903-4CA84A3478B4}.Debug|Any CPU.Build.0 = Debug|Any CPU
		{5A422895-F7FB-4CDC-9903-4CA84A3478B4}.Release|Any CPU.ActiveCfg = Release|Any CPU
		{5A422895-F7FB-4CDC-9903-4CA84A3478B4}.Release|Any CPU.Build.0 = Release|Any CPU
		{CBE97D94-46EC-4D8F-8C11-C9C1B0F66B45}.Debug|Any CPU.ActiveCfg = Debug|Any CPU
		{CBE97D94-46EC-4D8F-8C11-C9C1B0F66B45}.Debug|Any CPU.Build.0 = Debug|Any CPU
		{CBE97D94-46EC-4D8F-8C11-C9C1B0F66B45}.Release|Any CPU.ActiveCfg = Release|Any CPU
		{CBE97D94-46EC-4D8F-8C11-C9C1B0F66B45}.Release|Any CPU.Build.0 = Release|Any CPU
		{1A01ACCF-F251-43F2-A8DC-BEA85887AA46}.Debug|Any CPU.ActiveCfg = Debug|Any CPU
		{1A01ACCF-F251-43F2-A8DC-BEA85887AA46}.Debug|Any CPU.Build.0 = Debug|Any CPU
		{1A01ACCF-F251-43F2-A8DC-BEA85887AA46}.Release|Any CPU.ActiveCfg = Release|Any CPU
		{1A01ACCF-F251-43F2-A8DC-BEA85887AA46}.Release|Any CPU.Build.0 = Release|Any CPU
		{AE622579-5A19-4B4A-88BC-6F0234428E94}.Debug|Any CPU.ActiveCfg = Debug|Any CPU
		{AE622579-5A19-4B4A-88BC-6F0234428E94}.Debug|Any CPU.Build.0 = Debug|Any CPU
		{AE622579-5A19-4B4A-88BC-6F0234428E94}.Release|Any CPU.ActiveCfg = Release|Any CPU
		{AE622579-5A19-4B4A-88BC-6F0234428E94}.Release|Any CPU.Build.0 = Release|Any CPU
		{4924E5CF-4A33-47A4-8720-73EFB7B063CE}.Debug|Any CPU.ActiveCfg = Debug|Any CPU
		{4924E5CF-4A33-47A4-8720-73EFB7B063CE}.Debug|Any CPU.Build.0 = Debug|Any CPU
		{4924E5CF-4A33-47A4-8720-73EFB7B063CE}.Release|Any CPU.ActiveCfg = Release|Any CPU
		{4924E5CF-4A33-47A4-8720-73EFB7B063CE}.Release|Any CPU.Build.0 = Release|Any CPU
		{32979108-D32D-42D4-B98C-B32403CE43C2}.Debug|Any CPU.ActiveCfg = Debug|Any CPU
		{32979108-D32D-42D4-B98C-B32403CE43C2}.Debug|Any CPU.Build.0 = Debug|Any CPU
		{32979108-D32D-42D4-B98C-B32403CE43C2}.Release|Any CPU.ActiveCfg = Release|Any CPU
		{32979108-D32D-42D4-B98C-B32403CE43C2}.Release|Any CPU.Build.0 = Release|Any CPU
	EndGlobalSection
	GlobalSection(SolutionProperties) = preSolution
		HideSolutionNode = FALSE
	EndGlobalSection
	GlobalSection(ExtensibilityGlobals) = postSolution
		SolutionGuid = {52C8EAAC-D343-48DD-A776-F5DB28FE7851}
	EndGlobalSection
EndGlobal
